
Microsoft Visual Studio Solution File, Format Version 12.00
# Visual Studio Version 17
VisualStudioVersion = 17.14.36408.4 d17.14
MinimumVisualStudioVersion = 10.0.40219.1
Project("{FAE04EC0-301F-11D3-BF4B-00C04F79EFBC}") = "ControleViatura", "ControleViatura\ControleViatura.csproj", "{606FD974-234E-48FB-8127-CD88B8895DBA}"
EndProject
Global
	GlobalSection(SolutionConfigurationPlatforms) = preSolution
		Debug|Any CPU = Debug|Any CPU
		Release|Any CPU = Release|Any CPU
	EndGlobalSection
	GlobalSection(ProjectConfigurationPlatforms) = postSolution
		{606FD974-234E-48FB-8127-CD88B8895DBA}.Debug|Any CPU.ActiveCfg = Debug|Any CPU
		{606FD974-234E-48FB-8127-CD88B8895DBA}.Debug|Any CPU.Build.0 = Debug|Any CPU
		{606FD974-234E-48FB-8127-CD88B8895DBA}.Release|Any CPU.ActiveCfg = Release|Any CPU
		{606FD974-234E-48FB-8127-CD88B8895DBA}.Release|Any CPU.Build.0 = Release|Any CPU
	EndGlobalSection
	GlobalSection(SolutionProperties) = preSolution
		HideSolutionNode = FALSE
	EndGlobalSection
	GlobalSection(ExtensibilityGlobals) = postSolution
		SolutionGuid = {186E26D6-C520-4EDA-9828-A78884413036}
	EndGlobalSection
EndGlobal
