
Microsoft Visual Studio Solution File, Format Version 12.00
# Visual Studio Version 17
VisualStudioVersion = 17.14.36327.8 d17.14
MinimumVisualStudioVersion = 10.0.40219.1
Project("{FAE04EC0-301F-11D3-BF4B-00C04F79EFBC}") = "Exercio", "Exercio\Exercio.csproj", "{8A5C3B6D-42E4-4996-83D9-0237B1605D0C}"
EndProject
Global
	GlobalSection(SolutionConfigurationPlatforms) = preSolution
		Debug|Any CPU = Debug|Any CPU
		Release|Any CPU = Release|Any CPU
	EndGlobalSection
	GlobalSection(ProjectConfigurationPlatforms) = postSolution
		{8A5C3B6D-42E4-4996-83D9-0237B1605D0C}.Debug|Any CPU.ActiveCfg = Debug|Any CPU
		{8A5C3B6D-42E4-4996-83D9-0237B1605D0C}.Debug|Any CPU.Build.0 = Debug|Any CPU
		{8A5C3B6D-42E4-4996-83D9-0237B1605D0C}.Release|Any CPU.ActiveCfg = Release|Any CPU
		{8A5C3B6D-42E4-4996-83D9-0237B1605D0C}.Release|Any CPU.Build.0 = Release|Any CPU
	EndGlobalSection
	GlobalSection(SolutionProperties) = preSolution
		HideSolutionNode = FALSE
	EndGlobalSection
	GlobalSection(ExtensibilityGlobals) = postSolution
		SolutionGuid = {7EAF8C92-D8DC-4A23-8747-78ABB2F6A068}
	EndGlobalSection
EndGlobal
